{
  "name": "pokelink-web",
  "lockfileVersion": 2,
  "requires": true,
  "packages": {
    "": {
      "dependencies": {
        "css-animation-sync": "^0.2.0"
      }
    },
    "node_modules/css-animation-sync": {
      "version": "0.2.0",
      "resolved": "https://registry.npmjs.org/css-animation-sync/-/css-animation-sync-0.2.0.tgz",
      "integrity": "sha512-5Dy9/pzDm17HAI5x2ANg9c9u66MuTO9UDzrs4AFgq4fGB97N/xj0MxdEZbhtzTbAfi4x5ILeMMTQtxXMnGU0rw=="
    }
  },
  "dependencies": {
    "css-animation-sync": {
      "version": "0.2.0",
      "resolved": "https://registry.npmjs.org/css-animation-sync/-/css-animation-sync-0.2.0.tgz",
      "integrity": "sha512-5Dy9/pzDm17HAI5x2ANg9c9u66MuTO9UDzrs4AFgq4fGB97N/xj0MxdEZbhtzTbAfi4x5ILeMMTQtxXMnGU0rw=="
    }
  }
}
